
Microsoft Visual Studio Solution File, Format Version 12.00
# Visual Studio 14
VisualStudioVersion = 14.0.23107.0
MinimumVisualStudioVersion = 10.0.40219.1
Project("{FAE04EC0-301F-11D3-BF4B-00C04F79EFBC}") = "MaxLifx", "MaxLifx\MaxLifx.csproj", "{67F98E25-20D2-45B3-A466-E210916985A9}"
EndProject
Project("{FAE04EC0-301F-11D3-BF4B-00C04F79EFBC}") = "MaxLifxBulbController", "MaxLifxBulbController\MaxLifxBulbController.csproj", "{53625BB1-4234-4348-9952-2624E9BC9BA8}"
EndProject
Project("{FAE04EC0-301F-11D3-BF4B-00C04F79EFBC}") = "MaxLifxCmd", "MaxLifxCmd\MaxLifxCmd.csproj", "{3AE2EFEB-A5DE-4626-9F8F-FC6261A3D0C2}"
EndProject
Global
	GlobalSection(SolutionConfigurationPlatforms) = preSolution
		Debug|Any CPU = Debug|Any CPU
		Release|Any CPU = Release|Any CPU
	EndGlobalSection
	GlobalSection(ProjectConfigurationPlatforms) = postSolution
		{67F98E25-20D2-45B3-A466-E210916985A9}.Debug|Any CPU.ActiveCfg = Debug|Any CPU
		{67F98E25-20D2-45B3-A466-E210916985A9}.Debug|Any CPU.Build.0 = Debug|Any CPU
		{67F98E25-20D2-45B3-A466-E210916985A9}.Release|Any CPU.ActiveCfg = Release|Any CPU
		{67F98E25-20D2-45B3-A466-E210916985A9}.Release|Any CPU.Build.0 = Release|Any CPU
		{53625BB1-4234-4348-9952-2624E9BC9BA8}.Debug|Any CPU.ActiveCfg = Debug|Any CPU
		{53625BB1-4234-4348-9952-2624E9BC9BA8}.Debug|Any CPU.Build.0 = Debug|Any CPU
		{53625BB1-4234-4348-9952-2624E9BC9BA8}.Release|Any CPU.ActiveCfg = Release|Any CPU
		{53625BB1-4234-4348-9952-2624E9BC9BA8}.Release|Any CPU.Build.0 = Release|Any CPU
		{3AE2EFEB-A5DE-4626-9F8F-FC6261A3D0C2}.Debug|Any CPU.ActiveCfg = Debug|Any CPU
		{3AE2EFEB-A5DE-4626-9F8F-FC6261A3D0C2}.Debug|Any CPU.Build.0 = Debug|Any CPU
		{3AE2EFEB-A5DE-4626-9F8F-FC6261A3D0C2}.Release|Any CPU.ActiveCfg = Release|Any CPU
		{3AE2EFEB-A5DE-4626-9F8F-FC6261A3D0C2}.Release|Any CPU.Build.0 = Release|Any CPU
	EndGlobalSection
	GlobalSection(SolutionProperties) = preSolution
		HideSolutionNode = FALSE
	EndGlobalSection
EndGlobal
