
Microsoft Visual Studio Solution File, Format Version 12.00
# Visual Studio Version 16
VisualStudioVersion = 16.0.29324.140
MinimumVisualStudioVersion = 10.0.40219.1
Project("{FAE04EC0-301F-11D3-BF4B-00C04F79EFBC}") = "MaxLifx", "MaxLifx\MaxLifx.csproj", "{67F98E25-20D2-45B3-A466-E210916985A9}"
EndProject
Project("{FAE04EC0-301F-11D3-BF4B-00C04F79EFBC}") = "MaxLifxBulbController", "MaxLifxBulbController\MaxLifxBulbController.csproj", "{53625BB1-4234-4348-9952-2624E9BC9BA8}"
EndProject
Project("{FAE04EC0-301F-11D3-BF4B-00C04F79EFBC}") = "MaxLifxCmd", "MaxLifxCmd\MaxLifxCmd.csproj", "{3AE2EFEB-A5DE-4626-9F8F-FC6261A3D0C2}"
EndProject
Project("{FAE04EC0-301F-11D3-BF4B-00C04F79EFBC}") = "DesktopDuplication", "DesktopDuplication\DesktopDuplication.csproj", "{222C215B-663F-4BD6-9B3E-8FA99C867B22}"
EndProject
Global
	GlobalSection(SolutionConfigurationPlatforms) = preSolution
		Debug|Any CPU = Debug|Any CPU
		Debug|ARM = Debug|ARM
		Debug|x64 = Debug|x64
		Debug|x86 = Debug|x86
		Release|Any CPU = Release|Any CPU
		Release|ARM = Release|ARM
		Release|x64 = Release|x64
		Release|x86 = Release|x86
	EndGlobalSection
	GlobalSection(ProjectConfigurationPlatforms) = postSolution
		{67F98E25-20D2-45B3-A466-E210916985A9}.Debug|Any CPU.ActiveCfg = Debug|Any CPU
		{67F98E25-20D2-45B3-A466-E210916985A9}.Debug|Any CPU.Build.0 = Debug|Any CPU
		{67F98E25-20D2-45B3-A466-E210916985A9}.Debug|ARM.ActiveCfg = Debug|Any CPU
		{67F98E25-20D2-45B3-A466-E210916985A9}.Debug|ARM.Build.0 = Debug|Any CPU
		{67F98E25-20D2-45B3-A466-E210916985A9}.Debug|x64.ActiveCfg = Debug|Any CPU
		{67F98E25-20D2-45B3-A466-E210916985A9}.Debug|x64.Build.0 = Debug|Any CPU
		{67F98E25-20D2-45B3-A466-E210916985A9}.Debug|x86.ActiveCfg = Debug|Any CPU
		{67F98E25-20D2-45B3-A466-E210916985A9}.Debug|x86.Build.0 = Debug|Any CPU
		{67F98E25-20D2-45B3-A466-E210916985A9}.Release|Any CPU.ActiveCfg = Release|Any CPU
		{67F98E25-20D2-45B3-A466-E210916985A9}.Release|Any CPU.Build.0 = Release|Any CPU
		{67F98E25-20D2-45B3-A466-E210916985A9}.Release|ARM.ActiveCfg = Release|Any CPU
		{67F98E25-20D2-45B3-A466-E210916985A9}.Release|ARM.Build.0 = Release|Any CPU
		{67F98E25-20D2-45B3-A466-E210916985A9}.Release|x64.ActiveCfg = Release|Any CPU
		{67F98E25-20D2-45B3-A466-E210916985A9}.Release|x64.Build.0 = Release|Any CPU
		{67F98E25-20D2-45B3-A466-E210916985A9}.Release|x86.ActiveCfg = Release|Any CPU
		{67F98E25-20D2-45B3-A466-E210916985A9}.Release|x86.Build.0 = Release|Any CPU
		{53625BB1-4234-4348-9952-2624E9BC9BA8}.Debug|Any CPU.ActiveCfg = Debug|Any CPU
		{53625BB1-4234-4348-9952-2624E9BC9BA8}.Debug|Any CPU.Build.0 = Debug|Any CPU
		{53625BB1-4234-4348-9952-2624E9BC9BA8}.Debug|ARM.ActiveCfg = Debug|Any CPU
		{53625BB1-4234-4348-9952-2624E9BC9BA8}.Debug|ARM.Build.0 = Debug|Any CPU
		{53625BB1-4234-4348-9952-2624E9BC9BA8}.Debug|x64.ActiveCfg = Debug|Any CPU
		{53625BB1-4234-4348-9952-2624E9BC9BA8}.Debug|x64.Build.0 = Debug|Any CPU
		{53625BB1-4234-4348-9952-2624E9BC9BA8}.Debug|x86.ActiveCfg = Debug|Any CPU
		{53625BB1-4234-4348-9952-2624E9BC9BA8}.Debug|x86.Build.0 = Debug|Any CPU
		{53625BB1-4234-4348-9952-2624E9BC9BA8}.Release|Any CPU.ActiveCfg = Release|Any CPU
		{53625BB1-4234-4348-9952-2624E9BC9BA8}.Release|Any CPU.Build.0 = Release|Any CPU
		{53625BB1-4234-4348-9952-2624E9BC9BA8}.Release|ARM.ActiveCfg = Release|Any CPU
		{53625BB1-4234-4348-9952-2624E9BC9BA8}.Release|ARM.Build.0 = Release|Any CPU
		{53625BB1-4234-4348-9952-2624E9BC9BA8}.Release|x64.ActiveCfg = Release|Any CPU
		{53625BB1-4234-4348-9952-2624E9BC9BA8}.Release|x64.Build.0 = Release|Any CPU
		{53625BB1-4234-4348-9952-2624E9BC9BA8}.Release|x86.ActiveCfg = Release|Any CPU
		{53625BB1-4234-4348-9952-2624E9BC9BA8}.Release|x86.Build.0 = Release|Any CPU
		{3AE2EFEB-A5DE-4626-9F8F-FC6261A3D0C2}.Debug|Any CPU.ActiveCfg = Debug|Any CPU
		{3AE2EFEB-A5DE-4626-9F8F-FC6261A3D0C2}.Debug|Any CPU.Build.0 = Debug|Any CPU
		{3AE2EFEB-A5DE-4626-9F8F-FC6261A3D0C2}.Debug|ARM.ActiveCfg = Debug|Any CPU
		{3AE2EFEB-A5DE-4626-9F8F-FC6261A3D0C2}.Debug|ARM.Build.0 = Debug|Any CPU
		{3AE2EFEB-A5DE-4626-9F8F-FC6261A3D0C2}.Debug|x64.ActiveCfg = Debug|Any CPU
		{3AE2EFEB-A5DE-4626-9F8F-FC6261A3D0C2}.Debug|x64.Build.0 = Debug|Any CPU
		{3AE2EFEB-A5DE-4626-9F8F-FC6261A3D0C2}.Debug|x86.ActiveCfg = Debug|Any CPU
		{3AE2EFEB-A5DE-4626-9F8F-FC6261A3D0C2}.Debug|x86.Build.0 = Debug|Any CPU
		{3AE2EFEB-A5DE-4626-9F8F-FC6261A3D0C2}.Release|Any CPU.ActiveCfg = Release|Any CPU
		{3AE2EFEB-A5DE-4626-9F8F-FC6261A3D0C2}.Release|Any CPU.Build.0 = Release|Any CPU
		{3AE2EFEB-A5DE-4626-9F8F-FC6261A3D0C2}.Release|ARM.ActiveCfg = Release|Any CPU
		{3AE2EFEB-A5DE-4626-9F8F-FC6261A3D0C2}.Release|ARM.Build.0 = Release|Any CPU
		{3AE2EFEB-A5DE-4626-9F8F-FC6261A3D0C2}.Release|x64.ActiveCfg = Release|Any CPU
		{3AE2EFEB-A5DE-4626-9F8F-FC6261A3D0C2}.Release|x64.Build.0 = Release|Any CPU
		{3AE2EFEB-A5DE-4626-9F8F-FC6261A3D0C2}.Release|x86.ActiveCfg = Release|Any CPU
		{3AE2EFEB-A5DE-4626-9F8F-FC6261A3D0C2}.Release|x86.Build.0 = Release|Any CPU
		{222C215B-663F-4BD6-9B3E-8FA99C867B22}.Debug|Any CPU.ActiveCfg = Debug|Any CPU
		{222C215B-663F-4BD6-9B3E-8FA99C867B22}.Debug|Any CPU.Build.0 = Debug|Any CPU
		{222C215B-663F-4BD6-9B3E-8FA99C867B22}.Debug|ARM.ActiveCfg = Debug|Any CPU
		{222C215B-663F-4BD6-9B3E-8FA99C867B22}.Debug|ARM.Build.0 = Debug|Any CPU
		{222C215B-663F-4BD6-9B3E-8FA99C867B22}.Debug|x64.ActiveCfg = Debug|Any CPU
		{222C215B-663F-4BD6-9B3E-8FA99C867B22}.Debug|x64.Build.0 = Debug|Any CPU
		{222C215B-663F-4BD6-9B3E-8FA99C867B22}.Debug|x86.ActiveCfg = Debug|Any CPU
		{222C215B-663F-4BD6-9B3E-8FA99C867B22}.Debug|x86.Build.0 = Debug|Any CPU
		{222C215B-663F-4BD6-9B3E-8FA99C867B22}.Release|Any CPU.ActiveCfg = Release|Any CPU
		{222C215B-663F-4BD6-9B3E-8FA99C867B22}.Release|Any CPU.Build.0 = Release|Any CPU
		{222C215B-663F-4BD6-9B3E-8FA99C867B22}.Release|ARM.ActiveCfg = Release|Any CPU
		{222C215B-663F-4BD6-9B3E-8FA99C867B22}.Release|ARM.Build.0 = Release|Any CPU
		{222C215B-663F-4BD6-9B3E-8FA99C867B22}.Release|x64.ActiveCfg = Release|Any CPU
		{222C215B-663F-4BD6-9B3E-8FA99C867B22}.Release|x64.Build.0 = Release|Any CPU
		{222C215B-663F-4BD6-9B3E-8FA99C867B22}.Release|x86.ActiveCfg = Release|Any CPU
		{222C215B-663F-4BD6-9B3E-8FA99C867B22}.Release|x86.Build.0 = Release|Any CPU
	EndGlobalSection
	GlobalSection(SolutionProperties) = preSolution
		HideSolutionNode = FALSE
	EndGlobalSection
	GlobalSection(ExtensibilityGlobals) = postSolution
		SolutionGuid = {BFDCCAC6-58BA-4880-B266-563361EB76A4}
	EndGlobalSection
EndGlobal
